schema: '2.0'
stages:
  data_ingestion:
    cmd: python src/data_ingestion.py
    deps:
    - path: src/data_ingestion.py
      hash: md5
      md5: d2003617c42115c2ab9671ae1ffd1a07
      size: 3539
    params:
      params.yaml:
        data_ingestion.test_size: 0.2
    outs:
    - path: data/raw
      hash: md5
      md5: 6a4d11ab83c20d7412f4696595c0b4d1.dir
      size: 479272
      nfiles: 2
  data_preprocessing:
    cmd: python src/data_preprocessing.py
    deps:
    - path: data/raw
      hash: md5
      md5: 6a4d11ab83c20d7412f4696595c0b4d1.dir
      size: 479272
      nfiles: 2
    - path: src/data_preprocessing.py
      hash: md5
      md5: 158130fa3ada2ed96ada460b539d42e9
      size: 3864
    outs:
    - path: data/interim
      hash: md5
      md5: d3f80ea917209a657caed01201ee2780.dir
      size: 254818
      nfiles: 2
  feature_engineering:
    cmd: python src/feature_engineering.py
    deps:
    - path: data/interim
      hash: md5
      md5: d3f80ea917209a657caed01201ee2780.dir
      size: 254818
      nfiles: 2
    - path: src/feature_engineering.py
      hash: md5
      md5: 55c838f8b9b24bdf96f0bf4a576fbf73
      size: 3798
    params:
      params.yaml:
        feature_engineering.max_features: 40
    outs:
    - path: data/processed
      hash: md5
      md5: 3a6d6b8338c662fd380c62ef25d3c9f7.dir
      size: 944823
      nfiles: 2
  model_building:
    cmd: python src/model_training.py
    deps:
    - path: data/processed
      hash: md5
      md5: 32f834201e1ba3ad9fd18c074659c863.dir
      size: 1174770
      nfiles: 2
    - path: src/model_training.py
      hash: md5
      md5: 396db659b50b9d1d47de859b233d58bd
      size: 4345
    outs:
    - path: models/model.pkl
      hash: md5
      md5: 07e23f650a2fa0e67847ca3ae8375827
      size: 998489
  model_evaluation:
    cmd: python src/model_evaluation.py
    deps:
    - path: models/model.pkl
      hash: md5
      md5: eb05e90d268aa69cf5593eeb8334eae0
      size: 740830
    - path: src/model_evaluation.py
      hash: md5
      md5: 9f0f15d28a261df84097fe46e4dbab94
      size: 4471
    outs:
    - path: reports/metrics.json
      hash: md5
      md5: 5189cefddde07d6a10737c0f16f768a8
      size: 140
  model_training:
    cmd: python src/model_training.py
    deps:
    - path: data/processed
      hash: md5
      md5: 3a6d6b8338c662fd380c62ef25d3c9f7.dir
      size: 944823
      nfiles: 2
    - path: src/model_training.py
      hash: md5
      md5: 76f1bb3539055729b2c0fb12c5c0d014
      size: 4345
    params:
      params.yaml:
        model_training.n_estimators: 22
        model_training.random_state: 2
    outs:
    - path: models/model.pkl
      hash: md5
      md5: eb05e90d268aa69cf5593eeb8334eae0
      size: 740830
